
Microsoft Visual Studio Solution File, Format Version 12.00
# Visual Studio Version 17
VisualStudioVersion = 17.5.33502.453
MinimumVisualStudioVersion = 10.0.40219.1
Project("{FAE04EC0-301F-11D3-BF4B-00C04F79EFBC}") = "git", "git\git.csproj", "{A669BE5A-C918-4CD0-A9BB-D6F5651CC81E}"
EndProject
Global
	GlobalSection(SolutionConfigurationPlatforms) = preSolution
		Debug|Any CPU = Debug|Any CPU
		Release|Any CPU = Release|Any CPU
	EndGlobalSection
	GlobalSection(ProjectConfigurationPlatforms) = postSolution
		{A669BE5A-C918-4CD0-A9BB-D6F5651CC81E}.Debug|Any CPU.ActiveCfg = Debug|Any CPU
		{A669BE5A-C918-4CD0-A9BB-D6F5651CC81E}.Debug|Any CPU.Build.0 = Debug|Any CPU
		{A669BE5A-C918-4CD0-A9BB-D6F5651CC81E}.Release|Any CPU.ActiveCfg = Release|Any CPU
		{A669BE5A-C918-4CD0-A9BB-D6F5651CC81E}.Release|Any CPU.Build.0 = Release|Any CPU
	EndGlobalSection
	GlobalSection(SolutionProperties) = preSolution
		HideSolutionNode = FALSE
	EndGlobalSection
	GlobalSection(ExtensibilityGlobals) = postSolution
		SolutionGuid = {97D05468-CFDD-459B-9B0F-310AEE81624E}
	EndGlobalSection
EndGlobal
